# generated by rye
# use `rye lock` or `rye sync` to update this lockfile
#
# last locked with the following flags:
#   pre: false
#   features: []
#   all-features: false
#   with-sources: false
#   generate-hashes: false
#   universal: false

-e file:.
aiofiles==23.2.1
    # via gradio
alembic==1.14.0
    # via reflex
annotated-types==0.7.0
    # via pydantic
anyio==4.7.0
    # via gradio
    # via httpx
    # via starlette
bidict==0.23.1
    # via python-socketio
build==1.2.2.post1
    # via reflex
certifi==2024.12.14
    # via httpcore
    # via httpx
    # via requests
cffi==1.17.1
    # via cryptography
charset-normalizer==3.4.1
    # via reflex
    # via reflex-hosting-cli
    # via requests
click==8.1.8
    # via typer
    # via uvicorn
cryptography==44.0.0
    # via secretstorage
distro==1.9.0
    # via reflex
docutils==0.21.2
    # via readme-renderer
fastapi==0.115.6
    # via gradio
    # via reflex
    # via test-reflex
ffmpy==0.5.0
    # via gradio
filelock==3.16.1
    # via huggingface-hub
fsspec==2024.12.0
    # via gradio-client
    # via huggingface-hub
gradio==5.9.1
    # via test-reflex
gradio-client==1.5.2
    # via gradio
greenlet==3.1.1
    # via sqlalchemy
gunicorn==23.0.0
    # via reflex
h11==0.14.0
    # via httpcore
    # via uvicorn
    # via wsproto
httpcore==1.0.7
    # via httpx
httpx==0.28.1
    # via gradio
    # via gradio-client
    # via reflex
    # via reflex-hosting-cli
    # via safehttpx
    # via test-reflex
huggingface-hub==0.27.0
    # via gradio
    # via gradio-client
idna==3.10
    # via anyio
    # via httpx
    # via requests
jaraco-classes==3.4.0
    # via keyring
jaraco-context==6.0.1
    # via keyring
jaraco-functools==4.1.0
    # via keyring
jeepney==0.8.0
    # via keyring
    # via secretstorage
jinja2==3.1.5
    # via gradio
    # via reflex
    # via starlette-admin
keyring==25.6.0
    # via twine
lazy-loader==0.4
    # via reflex
mako==1.3.8
    # via alembic
markdown-it-py==3.0.0
    # via rich
markupsafe==2.1.5
    # via gradio
    # via jinja2
    # via mako
mdurl==0.1.2
    # via markdown-it-py
more-itertools==10.5.0
    # via jaraco-classes
    # via jaraco-functools
nh3==0.2.20
    # via readme-renderer
numpy==2.2.1
    # via gradio
    # via pandas
orjson==3.10.13
    # via gradio
packaging==24.2
    # via build
    # via gradio
    # via gradio-client
    # via gunicorn
    # via huggingface-hub
    # via lazy-loader
    # via reflex
    # via twine
pandas==2.2.3
    # via gradio
pillow==11.0.0
    # via gradio
pip==24.3.1
    # via pipdeptree
pipdeptree==2.16.2
    # via reflex-hosting-cli
pkginfo==1.12.0
    # via twine
platformdirs==4.3.6
    # via reflex
    # via reflex-hosting-cli
psutil==6.1.1
    # via reflex
pycparser==2.22
    # via cffi
pydantic==2.10.4
    # via fastapi
    # via gradio
    # via reflex
    # via reflex-hosting-cli
    # via sqlmodel
pydantic-core==2.27.2
    # via pydantic
pydub==0.25.1
    # via gradio
pygments==2.18.0
    # via readme-renderer
    # via rich
pyproject-hooks==1.2.0
    # via build
python-dateutil==2.9.0.post0
    # via pandas
    # via reflex-hosting-cli
python-engineio==4.11.2
    # via python-socketio
    # via reflex
python-multipart==0.0.20
    # via gradio
    # via reflex
    # via starlette-admin
python-socketio==5.12.1
    # via reflex
pytz==2024.2
    # via pandas
pyyaml==6.0.2
    # via gradio
    # via huggingface-hub
    # via reflex-hosting-cli
readme-renderer==44.0
    # via twine
redis==5.2.1
    # via reflex
reflex==0.6.7
    # via reflex-chakra
    # via test-reflex
reflex-chakra==0.6.2
    # via reflex
reflex-hosting-cli==0.1.32
    # via reflex
requests==2.32.3
    # via huggingface-hub
    # via requests-toolbelt
    # via twine
requests-toolbelt==1.0.0
    # via twine
rfc3986==2.0.0
    # via twine
rich==13.9.4
    # via reflex
    # via reflex-hosting-cli
    # via twine
    # via typer
ruff==0.8.4
    # via gradio
safehttpx==0.1.6
    # via gradio
secretstorage==3.3.3
    # via keyring
semantic-version==2.10.0
    # via gradio
setuptools==75.6.0
    # via reflex
shellingham==1.5.4
    # via typer
simple-websocket==1.1.0
    # via python-engineio
six==1.17.0
    # via python-dateutil
sniffio==1.3.1
    # via anyio
sqlalchemy==2.0.36
    # via alembic
    # via sqlmodel
sqlmodel==0.0.22
    # via reflex
starlette==0.41.3
    # via fastapi
    # via gradio
    # via starlette-admin
starlette-admin==0.14.1
    # via reflex
tabulate==0.9.0
    # via reflex-hosting-cli
tomlkit==0.13.2
    # via gradio
    # via reflex
tqdm==4.67.1
    # via huggingface-hub
twine==6.0.1
    # via reflex
typer==0.15.1
    # via gradio
    # via reflex
    # via reflex-hosting-cli
typing-extensions==4.12.2
    # via alembic
    # via anyio
    # via fastapi
    # via gradio
    # via gradio-client
    # via huggingface-hub
    # via pydantic
    # via pydantic-core
    # via reflex
    # via sqlalchemy
    # via typer
tzdata==2024.2
    # via pandas
urllib3==2.3.0
    # via requests
    # via twine
uvicorn==0.34.0
    # via gradio
    # via reflex
websockets==14.1
    # via gradio-client
    # via reflex-hosting-cli
wheel==0.45.1
    # via reflex
wrapt==1.17.0
    # via reflex
wsproto==1.2.0
    # via simple-websocket
